
Microsoft Visual Studio Solution File, Format Version 12.00
# Visual Studio 15
VisualStudioVersion = 15.0.28307.329
MinimumVisualStudioVersion = 10.0.40219.1
Project("{FAE04EC0-301F-11D3-BF4B-00C04F79EFBC}") = "RhinoPbrMaterial", "RhinoPbrMaterial\RhinoPbrMaterial.csproj", "{ADEB6492-9E4C-4A21-9F46-ECCBB6DC1EE4}"
EndProject
Global
	GlobalSection(SolutionConfigurationPlatforms) = preSolution
		Debug|Any CPU = Debug|Any CPU
		Release|Any CPU = Release|Any CPU
	EndGlobalSection
	GlobalSection(ProjectConfigurationPlatforms) = postSolution
		{ADEB6492-9E4C-4A21-9F46-ECCBB6DC1EE4}.Debug|Any CPU.ActiveCfg = Debug|Any CPU
		{ADEB6492-9E4C-4A21-9F46-ECCBB6DC1EE4}.Debug|Any CPU.Build.0 = Debug|Any CPU
		{ADEB6492-9E4C-4A21-9F46-ECCBB6DC1EE4}.Release|Any CPU.ActiveCfg = Release|Any CPU
		{ADEB6492-9E4C-4A21-9F46-ECCBB6DC1EE4}.Release|Any CPU.Build.0 = Release|Any CPU
	EndGlobalSection
	GlobalSection(SolutionProperties) = preSolution
		HideSolutionNode = FALSE
	EndGlobalSection
	GlobalSection(ExtensibilityGlobals) = postSolution
		SolutionGuid = {96EF17DD-7E69-4A60-9DD9-B8D5A86DD518}
	EndGlobalSection
EndGlobal
